// !$*UTF8*$!
{
	archiveVersion = 1;
	classes = {
	};
	objectVersion = 50;
	objects = {

/* Begin PBXBuildFile section */
		5B0F7ED72220F52900A6E573 /* ActiveListViewController.m in Sources */ = {isa = PBXBuildFile; fileRef = 5B0F7ED62220F52900A6E573 /* ActiveListViewController.m */; };
		5B0F7EDA2220F86A00A6E573 /* FileCell.m in Sources */ = {isa = PBXBuildFile; fileRef = 5B0F7ED92220F86A00A6E573 /* FileCell.m */; };
		5B1041C1221FEA7F00245D11 /* ServersViewController.m in Sources */ = {isa = PBXBuildFile; fileRef = 5B1041C0221FEA7F00245D11 /* ServersViewController.m */; };
		5B1041C6221FEA8000245D11 /* Assets.xcassets in Resources */ = {isa = PBXBuildFile; fileRef = 5B1041C5221FEA8000245D11 /* Assets.xcassets */; };
		5B1041CC221FEA8000245D11 /* main.m in Sources */ = {isa = PBXBuildFile; fileRef = 5B1041CB221FEA8000245D11 /* main.m */; };
		5B1041F8221FEC4C00245D11 /* UIButton+Bootstrap.m in Sources */ = {isa = PBXBuildFile; fileRef = 5B1041F2221FEC4C00245D11 /* UIButton+Bootstrap.m */; };
		5B1041F9221FEC4C00245D11 /* NSString+SHA256.m in Sources */ = {isa = PBXBuildFile; fileRef = 5B1041F3221FEC4C00245D11 /* NSString+SHA256.m */; };
		5B1041FA221FEC4C00245D11 /* UIColor+expanded.m in Sources */ = {isa = PBXBuildFile; fileRef = 5B1041F7221FEC4C00245D11 /* UIColor+expanded.m */; };
		5B104210221FF30A00245D11 /* LocalCacheUtils.m in Sources */ = {isa = PBXBuildFile; fileRef = 5B104201221FF30A00245D11 /* LocalCacheUtils.m */; };
		5B104211221FF30A00245D11 /* MsgUtils.m in Sources */ = {isa = PBXBuildFile; fileRef = 5B104207221FF30A00245D11 /* MsgUtils.m */; };
		5B104213221FF30A00245D11 /* APIUtils.m in Sources */ = {isa = PBXBuildFile; fileRef = 5B104209221FF30A00245D11 /* APIUtils.m */; };
		5B104214221FF30A00245D11 /* NetUtils.m in Sources */ = {isa = PBXBuildFile; fileRef = 5B10420A221FF30A00245D11 /* NetUtils.m */; };
		5B104216221FF30A00245D11 /* CommonUtils.m in Sources */ = {isa = PBXBuildFile; fileRef = 5B10420D221FF30A00245D11 /* CommonUtils.m */; };
		5B10422E221FF32100245D11 /* ButtonCell.m in Sources */ = {isa = PBXBuildFile; fileRef = 5B104220221FF32100245D11 /* ButtonCell.m */; };
		5B104243221FF38400245D11 /* BaseNavigationController.m in Sources */ = {isa = PBXBuildFile; fileRef = 5B104241221FF38400245D11 /* BaseNavigationController.m */; };
		5B104244221FF38400245D11 /* BaseViewController.m in Sources */ = {isa = PBXBuildFile; fileRef = 5B104242221FF38400245D11 /* BaseViewController.m */; };
		5B252C1A2220E9AA0039B942 /* Result.m in Sources */ = {isa = PBXBuildFile; fileRef = 5B252C192220E9AA0039B942 /* Result.m */; };
		5B2A215C22218406001CDEC1 /* AppDelegate.m in Sources */ = {isa = PBXBuildFile; fileRef = 5B2A215B22218405001CDEC1 /* AppDelegate.m */; };
		5B2A215F222234A6001CDEC1 /* JsonrpcServer.m in Sources */ = {isa = PBXBuildFile; fileRef = 5B2A215E222234A6001CDEC1 /* JsonrpcServer.m */; };
		5B2A216222223663001CDEC1 /* JsonrpcServerCell.m in Sources */ = {isa = PBXBuildFile; fileRef = 5B2A216122223663001CDEC1 /* JsonrpcServerCell.m */; };
		5B4FD0AD2221407A003D11CC /* StopListViewController.m in Sources */ = {isa = PBXBuildFile; fileRef = 5B4FD0AB2221407A003D11CC /* StopListViewController.m */; };
		98C45BAE3A055743763FE509 /* Pods_Aria2.framework in Frameworks */ = {isa = PBXBuildFile; fileRef = 81D2441FE3367899BDD9500B /* Pods_Aria2.framework */; };
/* End PBXBuildFile section */

/* Begin PBXContainerItemProxy section */
		5B1041D2221FEA8000245D11 /* PBXContainerItemProxy */ = {
			isa = PBXContainerItemProxy;
			containerPortal = 5B1041B1221FEA7F00245D11 /* Project object */;
			proxyType = 1;
			remoteGlobalIDString = 5B1041B8221FEA7F00245D11;
			remoteInfo = Aria2;
		};
		5B1041DD221FEA8000245D11 /* PBXContainerItemProxy */ = {
			isa = PBXContainerItemProxy;
			containerPortal = 5B1041B1221FEA7F00245D11 /* Project object */;
			proxyType = 1;
			remoteGlobalIDString = 5B1041B8221FEA7F00245D11;
			remoteInfo = Aria2;
		};
/* End PBXContainerItemProxy section */

/* Begin PBXFileReference section */
		2DEE54A6DD16F0100BC15473 /* Pods-Aria2.debug.xcconfig */ = {isa = PBXFileReference; includeInIndex = 1; lastKnownFileType = text.xcconfig; name = "Pods-Aria2.debug.xcconfig"; path = "Pods/Target Support Files/Pods-Aria2/Pods-Aria2.debug.xcconfig"; sourceTree = "<group>"; };
		4D60B3094B8E7813DCA4551D /* Pods-Aria2.release.xcconfig */ = {isa = PBXFileReference; includeInIndex = 1; lastKnownFileType = text.xcconfig; name = "Pods-Aria2.release.xcconfig"; path = "Pods/Target Support Files/Pods-Aria2/Pods-Aria2.release.xcconfig"; sourceTree = "<group>"; };
		5B0F7ED52220F52900A6E573 /* ActiveListViewController.h */ = {isa = PBXFileReference; lastKnownFileType = sourcecode.c.h; path = ActiveListViewController.h; sourceTree = "<group>"; };
		5B0F7ED62220F52900A6E573 /* ActiveListViewController.m */ = {isa = PBXFileReference; lastKnownFileType = sourcecode.c.objc; path = ActiveListViewController.m; sourceTree = "<group>"; };
		5B0F7ED82220F86A00A6E573 /* FileCell.h */ = {isa = PBXFileReference; lastKnownFileType = sourcecode.c.h; path = FileCell.h; sourceTree = "<group>"; };
		5B0F7ED92220F86A00A6E573 /* FileCell.m */ = {isa = PBXFileReference; lastKnownFileType = sourcecode.c.objc; path = FileCell.m; sourceTree = "<group>"; };
		5B1041B9221FEA7F00245D11 /* Aria2-client-iOS.app */ = {isa = PBXFileReference; explicitFileType = wrapper.application; includeInIndex = 0; path = "Aria2-client-iOS.app"; sourceTree = BUILT_PRODUCTS_DIR; };
		5B1041BF221FEA7F00245D11 /* ServersViewController.h */ = {isa = PBXFileReference; lastKnownFileType = sourcecode.c.h; path = ServersViewController.h; sourceTree = "<group>"; };
		5B1041C0221FEA7F00245D11 /* ServersViewController.m */ = {isa = PBXFileReference; lastKnownFileType = sourcecode.c.objc; path = ServersViewController.m; sourceTree = "<group>"; };
		5B1041C5221FEA8000245D11 /* Assets.xcassets */ = {isa = PBXFileReference; lastKnownFileType = folder.assetcatalog; path = Assets.xcassets; sourceTree = "<group>"; };
		5B1041CA221FEA8000245D11 /* Info.plist */ = {isa = PBXFileReference; lastKnownFileType = text.plist.xml; path = Info.plist; sourceTree = "<group>"; };
		5B1041CB221FEA8000245D11 /* main.m */ = {isa = PBXFileReference; lastKnownFileType = sourcecode.c.objc; path = main.m; sourceTree = "<group>"; };
		5B1041D1221FEA8000245D11 /* Aria2-client-iOSTests.xctest */ = {isa = PBXFileReference; explicitFileType = wrapper.cfbundle; includeInIndex = 0; path = "Aria2-client-iOSTests.xctest"; sourceTree = BUILT_PRODUCTS_DIR; };
		5B1041DC221FEA8000245D11 /* Aria2-client-iOSUITests.xctest */ = {isa = PBXFileReference; explicitFileType = wrapper.cfbundle; includeInIndex = 0; path = "Aria2-client-iOSUITests.xctest"; sourceTree = BUILT_PRODUCTS_DIR; };
		5B1041F2221FEC4C00245D11 /* UIButton+Bootstrap.m */ = {isa = PBXFileReference; fileEncoding = 4; lastKnownFileType = sourcecode.c.objc; path = "UIButton+Bootstrap.m"; sourceTree = "<group>"; };
		5B1041F3221FEC4C00245D11 /* NSString+SHA256.m */ = {isa = PBXFileReference; fileEncoding = 4; lastKnownFileType = sourcecode.c.objc; path = "NSString+SHA256.m"; sourceTree = "<group>"; };
		5B1041F4221FEC4C00245D11 /* UIColor+expanded.h */ = {isa = PBXFileReference; fileEncoding = 4; lastKnownFileType = sourcecode.c.h; path = "UIColor+expanded.h"; sourceTree = "<group>"; };
		5B1041F5221FEC4C00245D11 /* UIButton+Bootstrap.h */ = {isa = PBXFileReference; fileEncoding = 4; lastKnownFileType = sourcecode.c.h; path = "UIButton+Bootstrap.h"; sourceTree = "<group>"; };
		5B1041F6221FEC4C00245D11 /* NSString+SHA256.h */ = {isa = PBXFileReference; fileEncoding = 4; lastKnownFileType = sourcecode.c.h; path = "NSString+SHA256.h"; sourceTree = "<group>"; };
		5B1041F7221FEC4C00245D11 /* UIColor+expanded.m */ = {isa = PBXFileReference; fileEncoding = 4; lastKnownFileType = sourcecode.c.objc; path = "UIColor+expanded.m"; sourceTree = "<group>"; };
		5B1041FC221FF2C700245D11 /* Aria2-client-iOS-Prefix.pch */ = {isa = PBXFileReference; fileEncoding = 4; lastKnownFileType = sourcecode.c.h; path = "Aria2-client-iOS-Prefix.pch"; sourceTree = "<group>"; };
		5B1041FE221FF30A00245D11 /* APIUtils.h */ = {isa = PBXFileReference; fileEncoding = 4; lastKnownFileType = sourcecode.c.h; path = APIUtils.h; sourceTree = "<group>"; };
		5B104200221FF30A00245D11 /* MsgUtils.h */ = {isa = PBXFileReference; fileEncoding = 4; lastKnownFileType = sourcecode.c.h; path = MsgUtils.h; sourceTree = "<group>"; };
		5B104201221FF30A00245D11 /* LocalCacheUtils.m */ = {isa = PBXFileReference; fileEncoding = 4; lastKnownFileType = sourcecode.c.objc; path = LocalCacheUtils.m; sourceTree = "<group>"; };
		5B104202221FF30A00245D11 /* NetUtils.h */ = {isa = PBXFileReference; fileEncoding = 4; lastKnownFileType = sourcecode.c.h; path = NetUtils.h; sourceTree = "<group>"; };
		5B104203221FF30A00245D11 /* CommonUtils.h */ = {isa = PBXFileReference; fileEncoding = 4; lastKnownFileType = sourcecode.c.h; path = CommonUtils.h; sourceTree = "<group>"; };
		5B104207221FF30A00245D11 /* MsgUtils.m */ = {isa = PBXFileReference; fileEncoding = 4; lastKnownFileType = sourcecode.c.objc; path = MsgUtils.m; sourceTree = "<group>"; };
		5B104209221FF30A00245D11 /* APIUtils.m */ = {isa = PBXFileReference; fileEncoding = 4; lastKnownFileType = sourcecode.c.objc; path = APIUtils.m; sourceTree = "<group>"; };
		5B10420A221FF30A00245D11 /* NetUtils.m */ = {isa = PBXFileReference; fileEncoding = 4; lastKnownFileType = sourcecode.c.objc; path = NetUtils.m; sourceTree = "<group>"; };
		5B10420B221FF30A00245D11 /* LocalCacheUtils.h */ = {isa = PBXFileReference; fileEncoding = 4; lastKnownFileType = sourcecode.c.h; path = LocalCacheUtils.h; sourceTree = "<group>"; };
		5B10420D221FF30A00245D11 /* CommonUtils.m */ = {isa = PBXFileReference; fileEncoding = 4; lastKnownFileType = sourcecode.c.objc; path = CommonUtils.m; sourceTree = "<group>"; };
		5B104220221FF32100245D11 /* ButtonCell.m */ = {isa = PBXFileReference; fileEncoding = 4; lastKnownFileType = sourcecode.c.objc; path = ButtonCell.m; sourceTree = "<group>"; };
		5B104228221FF32100245D11 /* ButtonCell.h */ = {isa = PBXFileReference; fileEncoding = 4; lastKnownFileType = sourcecode.c.h; path = ButtonCell.h; sourceTree = "<group>"; };
		5B10423F221FF38400245D11 /* BaseViewController.h */ = {isa = PBXFileReference; fileEncoding = 4; lastKnownFileType = sourcecode.c.h; path = BaseViewController.h; sourceTree = "<group>"; };
		5B104240221FF38400245D11 /* BaseNavigationController.h */ = {isa = PBXFileReference; fileEncoding = 4; lastKnownFileType = sourcecode.c.h; path = BaseNavigationController.h; sourceTree = "<group>"; };
		5B104241221FF38400245D11 /* BaseNavigationController.m */ = {isa = PBXFileReference; fileEncoding = 4; lastKnownFileType = sourcecode.c.objc; path = BaseNavigationController.m; sourceTree = "<group>"; };
		5B104242221FF38400245D11 /* BaseViewController.m */ = {isa = PBXFileReference; fileEncoding = 4; lastKnownFileType = sourcecode.c.objc; path = BaseViewController.m; sourceTree = "<group>"; };
		5B252C182220E9AA0039B942 /* Result.h */ = {isa = PBXFileReference; lastKnownFileType = sourcecode.c.h; path = Result.h; sourceTree = "<group>"; };
		5B252C192220E9AA0039B942 /* Result.m */ = {isa = PBXFileReference; lastKnownFileType = sourcecode.c.objc; path = Result.m; sourceTree = "<group>"; };
		5B2A215A22218405001CDEC1 /* AppDelegate.h */ = {isa = PBXFileReference; fileEncoding = 4; lastKnownFileType = sourcecode.c.h; path = AppDelegate.h; sourceTree = "<group>"; };
		5B2A215B22218405001CDEC1 /* AppDelegate.m */ = {isa = PBXFileReference; fileEncoding = 4; lastKnownFileType = sourcecode.c.objc; path = AppDelegate.m; sourceTree = "<group>"; };
		5B2A215D222234A6001CDEC1 /* JsonrpcServer.h */ = {isa = PBXFileReference; lastKnownFileType = sourcecode.c.h; path = JsonrpcServer.h; sourceTree = "<group>"; };
		5B2A215E222234A6001CDEC1 /* JsonrpcServer.m */ = {isa = PBXFileReference; lastKnownFileType = sourcecode.c.objc; path = JsonrpcServer.m; sourceTree = "<group>"; };
		5B2A216022223663001CDEC1 /* JsonrpcServerCell.h */ = {isa = PBXFileReference; lastKnownFileType = sourcecode.c.h; path = JsonrpcServerCell.h; sourceTree = "<group>"; };
		5B2A216122223663001CDEC1 /* JsonrpcServerCell.m */ = {isa = PBXFileReference; lastKnownFileType = sourcecode.c.objc; path = JsonrpcServerCell.m; sourceTree = "<group>"; };
		5B4FD0AB2221407A003D11CC /* StopListViewController.m */ = {isa = PBXFileReference; fileEncoding = 4; lastKnownFileType = sourcecode.c.objc; path = StopListViewController.m; sourceTree = "<group>"; };
		5B4FD0AC2221407A003D11CC /* StopListViewController.h */ = {isa = PBXFileReference; fileEncoding = 4; lastKnownFileType = sourcecode.c.h; path = StopListViewController.h; sourceTree = "<group>"; };
		81D2441FE3367899BDD9500B /* Pods_Aria2.framework */ = {isa = PBXFileReference; explicitFileType = wrapper.framework; includeInIndex = 0; path = Pods_Aria2.framework; sourceTree = BUILT_PRODUCTS_DIR; };
/* End PBXFileReference section */

/* Begin PBXFrameworksBuildPhase section */
		5B1041B6221FEA7F00245D11 /* Frameworks */ = {
			isa = PBXFrameworksBuildPhase;
			buildActionMask = 2147483647;
			files = (
				98C45BAE3A055743763FE509 /* Pods_Aria2.framework in Frameworks */,
			);
			runOnlyForDeploymentPostprocessing = 0;
		};
		5B1041CE221FEA8000245D11 /* Frameworks */ = {
			isa = PBXFrameworksBuildPhase;
			buildActionMask = 2147483647;
			files = (
			);
			runOnlyForDeploymentPostprocessing = 0;
		};
		5B1041D9221FEA8000245D11 /* Frameworks */ = {
			isa = PBXFrameworksBuildPhase;
			buildActionMask = 2147483647;
			files = (
			);
			runOnlyForDeploymentPostprocessing = 0;
		};
/* End PBXFrameworksBuildPhase section */

/* Begin PBXGroup section */
		29CE4A3A53129EBB58592622 /* Pods */ = {
			isa = PBXGroup;
			children = (
				2DEE54A6DD16F0100BC15473 /* Pods-Aria2.debug.xcconfig */,
				4D60B3094B8E7813DCA4551D /* Pods-Aria2.release.xcconfig */,
			);
			name = Pods;
			sourceTree = "<group>";
		};
		5B1041B0221FEA7F00245D11 = {
			isa = PBXGroup;
			children = (
				5B1041BB221FEA7F00245D11 /* Aria2-client-iOS */,
				5B1041BA221FEA7F00245D11 /* Products */,
				29CE4A3A53129EBB58592622 /* Pods */,
				8D2AC7944F6BF6DA3D2E121F /* Frameworks */,
			);
			sourceTree = "<group>";
		};
		5B1041BA221FEA7F00245D11 /* Products */ = {
			isa = PBXGroup;
			children = (
				5B1041B9221FEA7F00245D11 /* Aria2-client-iOS.app */,
				5B1041D1221FEA8000245D11 /* Aria2-client-iOSTests.xctest */,
				5B1041DC221FEA8000245D11 /* Aria2-client-iOSUITests.xctest */,
			);
			name = Products;
			sourceTree = "<group>";
		};
		5B1041BB221FEA7F00245D11 /* Aria2-client-iOS */ = {
			isa = PBXGroup;
			children = (
				5B2A215A22218405001CDEC1 /* AppDelegate.h */,
				5B2A215B22218405001CDEC1 /* AppDelegate.m */,
				5B1041FC221FF2C700245D11 /* Aria2-client-iOS-Prefix.pch */,
				5B1041C5221FEA8000245D11 /* Assets.xcassets */,
				5B104219221FF32100245D11 /* Cell */,
				5B1041CA221FEA8000245D11 /* Info.plist */,
				5B1041CB221FEA8000245D11 /* main.m */,
				5B104235221FF35100245D11 /* Model */,
				5B1041F1221FEC4C00245D11 /* OC_Category */,
				5B1041FD221FF30A00245D11 /* Utils */,
				5B4FD0AE222158EF003D11CC /* ViewController */,
			);
			path = "Aria2-client-iOS";
			sourceTree = "<group>";
		};
		5B1041F1221FEC4C00245D11 /* OC_Category */ = {
			isa = PBXGroup;
			children = (
				5B104240221FF38400245D11 /* BaseNavigationController.h */,
				5B104241221FF38400245D11 /* BaseNavigationController.m */,
				5B10423F221FF38400245D11 /* BaseViewController.h */,
				5B104242221FF38400245D11 /* BaseViewController.m */,
				5B1041F6221FEC4C00245D11 /* NSString+SHA256.h */,
				5B1041F3221FEC4C00245D11 /* NSString+SHA256.m */,
				5B1041F5221FEC4C00245D11 /* UIButton+Bootstrap.h */,
				5B1041F2221FEC4C00245D11 /* UIButton+Bootstrap.m */,
				5B1041F4221FEC4C00245D11 /* UIColor+expanded.h */,
				5B1041F7221FEC4C00245D11 /* UIColor+expanded.m */,
			);
			path = OC_Category;
			sourceTree = "<group>";
		};
		5B1041FD221FF30A00245D11 /* Utils */ = {
			isa = PBXGroup;
			children = (
				5B1041FE221FF30A00245D11 /* APIUtils.h */,
				5B104209221FF30A00245D11 /* APIUtils.m */,
				5B104203221FF30A00245D11 /* CommonUtils.h */,
				5B10420D221FF30A00245D11 /* CommonUtils.m */,
				5B10420B221FF30A00245D11 /* LocalCacheUtils.h */,
				5B104201221FF30A00245D11 /* LocalCacheUtils.m */,
				5B104200221FF30A00245D11 /* MsgUtils.h */,
				5B104207221FF30A00245D11 /* MsgUtils.m */,
				5B104202221FF30A00245D11 /* NetUtils.h */,
				5B10420A221FF30A00245D11 /* NetUtils.m */,
			);
			path = Utils;
			sourceTree = "<group>";
		};
		5B104219221FF32100245D11 /* Cell */ = {
			isa = PBXGroup;
			children = (
				5B104228221FF32100245D11 /* ButtonCell.h */,
				5B104220221FF32100245D11 /* ButtonCell.m */,
				5B0F7ED82220F86A00A6E573 /* FileCell.h */,
				5B0F7ED92220F86A00A6E573 /* FileCell.m */,
				5B2A216022223663001CDEC1 /* JsonrpcServerCell.h */,
				5B2A216122223663001CDEC1 /* JsonrpcServerCell.m */,
			);
			path = Cell;
			sourceTree = "<group>";
		};
		5B104235221FF35100245D11 /* Model */ = {
			isa = PBXGroup;
			children = (
				5B252C182220E9AA0039B942 /* Result.h */,
				5B252C192220E9AA0039B942 /* Result.m */,
				5B2A215D222234A6001CDEC1 /* JsonrpcServer.h */,
				5B2A215E222234A6001CDEC1 /* JsonrpcServer.m */,
			);
			path = Model;
			sourceTree = "<group>";
		};
		5B4FD0AE222158EF003D11CC /* ViewController */ = {
			isa = PBXGroup;
			children = (
				5B0F7ED52220F52900A6E573 /* ActiveListViewController.h */,
				5B0F7ED62220F52900A6E573 /* ActiveListViewController.m */,
				5B4FD0AC2221407A003D11CC /* StopListViewController.h */,
				5B4FD0AB2221407A003D11CC /* StopListViewController.m */,
				5B1041BF221FEA7F00245D11 /* ServersViewController.h */,
				5B1041C0221FEA7F00245D11 /* ServersViewController.m */,
			);
			path = ViewController;
			sourceTree = "<group>";
		};
		8D2AC7944F6BF6DA3D2E121F /* Frameworks */ = {
			isa = PBXGroup;
			children = (
				81D2441FE3367899BDD9500B /* Pods_Aria2.framework */,
			);
			name = Frameworks;
			sourceTree = "<group>";
		};
/* End PBXGroup section */

/* Begin PBXNativeTarget section */
		5B1041B8221FEA7F00245D11 /* Aria2-client-iOS */ = {
			isa = PBXNativeTarget;
			buildConfigurationList = 5B1041E5221FEA8000245D11 /* Build configuration list for PBXNativeTarget "Aria2-client-iOS" */;
			buildPhases = (
				0DED5E844E90BB800CF5F2A7 /* [CP] Check Pods Manifest.lock */,
				5B1041B5221FEA7F00245D11 /* Sources */,
				5B1041B6221FEA7F00245D11 /* Frameworks */,
				5B1041B7221FEA7F00245D11 /* Resources */,
				002267D7F794DD9A385544CE /* [CP] Embed Pods Frameworks */,
			);
			buildRules = (
			);
			dependencies = (
			);
			name = "Aria2-client-iOS";
			productName = Aria2;
			productReference = 5B1041B9221FEA7F00245D11 /* Aria2-client-iOS.app */;
			productType = "com.apple.product-type.application";
		};
		5B1041D0221FEA8000245D11 /* Aria2-client-iOSTests */ = {
			isa = PBXNativeTarget;
			buildConfigurationList = 5B1041E8221FEA8000245D11 /* Build configuration list for PBXNativeTarget "Aria2-client-iOSTests" */;
			buildPhases = (
				5B1041CD221FEA8000245D11 /* Sources */,
				5B1041CE221FEA8000245D11 /* Frameworks */,
				5B1041CF221FEA8000245D11 /* Resources */,
			);
			buildRules = (
			);
			dependencies = (
				5B1041D3221FEA8000245D11 /* PBXTargetDependency */,
			);
			name = "Aria2-client-iOSTests";
			productName = Aria2Tests;
			productReference = 5B1041D1221FEA8000245D11 /* Aria2-client-iOSTests.xctest */;
			productType = "com.apple.product-type.bundle.unit-test";
		};
		5B1041DB221FEA8000245D11 /* Aria2-client-iOSUITests */ = {
			isa = PBXNativeTarget;
			buildConfigurationList = 5B1041EB221FEA8000245D11 /* Build configuration list for PBXNativeTarget "Aria2-client-iOSUITests" */;
			buildPhases = (
				5B1041D8221FEA8000245D11 /* Sources */,
				5B1041D9221FEA8000245D11 /* Frameworks */,
				5B1041DA221FEA8000245D11 /* Resources */,
			);
			buildRules = (
			);
			dependencies = (
				5B1041DE221FEA8000245D11 /* PBXTargetDependency */,
			);
			name = "Aria2-client-iOSUITests";
			productName = Aria2UITests;
			productReference = 5B1041DC221FEA8000245D11 /* Aria2-client-iOSUITests.xctest */;
			productType = "com.apple.product-type.bundle.ui-testing";
		};
/* End PBXNativeTarget section */

/* Begin PBXProject section */
		5B1041B1221FEA7F00245D11 /* Project object */ = {
			isa = PBXProject;
			attributes = {
				LastUpgradeCheck = 1010;
				ORGANIZATIONNAME = "郑珏";
				TargetAttributes = {
					5B1041B8221FEA7F00245D11 = {
						CreatedOnToolsVersion = 10.1;
					};
					5B1041D0221FEA8000245D11 = {
						CreatedOnToolsVersion = 10.1;
						TestTargetID = 5B1041B8221FEA7F00245D11;
					};
					5B1041DB221FEA8000245D11 = {
						CreatedOnToolsVersion = 10.1;
						TestTargetID = 5B1041B8221FEA7F00245D11;
					};
				};
			};
			buildConfigurationList = 5B1041B4221FEA7F00245D11 /* Build configuration list for PBXProject "Aria2-client-iOS" */;
			compatibilityVersion = "Xcode 9.3";
			developmentRegion = en;
			hasScannedForEncodings = 0;
			knownRegions = (
				en,
				Base,
			);
			mainGroup = 5B1041B0221FEA7F00245D11;
			productRefGroup = 5B1041BA221FEA7F00245D11 /* Products */;
			projectDirPath = "";
			projectRoot = "";
			targets = (
				5B1041B8221FEA7F00245D11 /* Aria2-client-iOS */,
				5B1041D0221FEA8000245D11 /* Aria2-client-iOSTests */,
				5B1041DB221FEA8000245D11 /* Aria2-client-iOSUITests */,
			);
		};
/* End PBXProject section */

/* Begin PBXResourcesBuildPhase section */
		5B1041B7221FEA7F00245D11 /* Resources */ = {
			isa = PBXResourcesBuildPhase;
			buildActionMask = 2147483647;
			files = (
				5B1041C6221FEA8000245D11 /* Assets.xcassets in Resources */,
			);
			runOnlyForDeploymentPostprocessing = 0;
		};
		5B1041CF221FEA8000245D11 /* Resources */ = {
			isa = PBXResourcesBuildPhase;
			buildActionMask = 2147483647;
			files = (
			);
			runOnlyForDeploymentPostprocessing = 0;
		};
		5B1041DA221FEA8000245D11 /* Resources */ = {
			isa = PBXResourcesBuildPhase;
			buildActionMask = 2147483647;
			files = (
			);
			runOnlyForDeploymentPostprocessing = 0;
		};
/* End PBXResourcesBuildPhase section */

/* Begin PBXShellScriptBuildPhase section */
		002267D7F794DD9A385544CE /* [CP] Embed Pods Frameworks */ = {
			isa = PBXShellScriptBuildPhase;
			buildActionMask = 2147483647;
			files = (
			);
			inputFileListPaths = (
			);
			inputPaths = (
				"${PODS_ROOT}/Target Support Files/Pods-Aria2/Pods-Aria2-frameworks.sh",
				"${BUILT_PRODUCTS_DIR}/AFNetworking/AFNetworking.framework",
				"${BUILT_PRODUCTS_DIR}/MBProgressHUD/MBProgressHUD.framework",
				"${BUILT_PRODUCTS_DIR}/Masonry/Masonry.framework",
				"${BUILT_PRODUCTS_DIR}/TPKeyboardAvoiding/TPKeyboardAvoiding.framework",
				"${BUILT_PRODUCTS_DIR}/TYAlertController/TYAlertController.framework",
				"${BUILT_PRODUCTS_DIR}/UITextView+Placeholder/UITextView_Placeholder.framework",
				"${BUILT_PRODUCTS_DIR}/YLProgressBar/YLProgressBar.framework",
				"${BUILT_PRODUCTS_DIR}/YYModel/YYModel.framework",
			);
			name = "[CP] Embed Pods Frameworks";
			outputFileListPaths = (
			);
			outputPaths = (
				"${TARGET_BUILD_DIR}/${FRAMEWORKS_FOLDER_PATH}/AFNetworking.framework",
				"${TARGET_BUILD_DIR}/${FRAMEWORKS_FOLDER_PATH}/MBProgressHUD.framework",
				"${TARGET_BUILD_DIR}/${FRAMEWORKS_FOLDER_PATH}/Masonry.framework",
				"${TARGET_BUILD_DIR}/${FRAMEWORKS_FOLDER_PATH}/TPKeyboardAvoiding.framework",
				"${TARGET_BUILD_DIR}/${FRAMEWORKS_FOLDER_PATH}/TYAlertController.framework",
				"${TARGET_BUILD_DIR}/${FRAMEWORKS_FOLDER_PATH}/UITextView_Placeholder.framework",
				"${TARGET_BUILD_DIR}/${FRAMEWORKS_FOLDER_PATH}/YLProgressBar.framework",
				"${TARGET_BUILD_DIR}/${FRAMEWORKS_FOLDER_PATH}/YYModel.framework",
			);
			runOnlyForDeploymentPostprocessing = 0;
			shellPath = /bin/sh;
			shellScript = "\"${PODS_ROOT}/Target Support Files/Pods-Aria2/Pods-Aria2-frameworks.sh\"\n";
			showEnvVarsInLog = 0;
		};
		0DED5E844E90BB800CF5F2A7 /* [CP] Check Pods Manifest.lock */ = {
			isa = PBXShellScriptBuildPhase;
			buildActionMask = 2147483647;
			files = (
			);
			inputFileListPaths = (
			);
			inputPaths = (
				"${PODS_PODFILE_DIR_PATH}/Podfile.lock",
				"${PODS_ROOT}/Manifest.lock",
			);
			name = "[CP] Check Pods Manifest.lock";
			outputFileListPaths = (
			);
			outputPaths = (
				"$(DERIVED_FILE_DIR)/Pods-Aria2-checkManifestLockResult.txt",
			);
			runOnlyForDeploymentPostprocessing = 0;
			shellPath = /bin/sh;
			shellScript = "diff \"${PODS_PODFILE_DIR_PATH}/Podfile.lock\" \"${PODS_ROOT}/Manifest.lock\" > /dev/null\nif [ $? != 0 ] ; then\n    # print error to STDERR\n    echo \"error: The sandbox is not in sync with the Podfile.lock. Run 'pod install' or update your CocoaPods installation.\" >&2\n    exit 1\nfi\n# This output is used by Xcode 'outputs' to avoid re-running this script phase.\necho \"SUCCESS\" > \"${SCRIPT_OUTPUT_FILE_0}\"\n";
			showEnvVarsInLog = 0;
		};
/* End PBXShellScriptBuildPhase section */

/* Begin PBXSourcesBuildPhase section */
		5B1041B5221FEA7F00245D11 /* Sources */ = {
			isa = PBXSourcesBuildPhase;
			buildActionMask = 2147483647;
			files = (
				5B10422E221FF32100245D11 /* ButtonCell.m in Sources */,
				5B104244221FF38400245D11 /* BaseViewController.m in Sources */,
				5B4FD0AD2221407A003D11CC /* StopListViewController.m in Sources */,
				5B2A215C22218406001CDEC1 /* AppDelegate.m in Sources */,
				5B0F7ED72220F52900A6E573 /* ActiveListViewController.m in Sources */,
				5B104214221FF30A00245D11 /* NetUtils.m in Sources */,
				5B1041C1221FEA7F00245D11 /* ServersViewController.m in Sources */,
				5B104210221FF30A00245D11 /* LocalCacheUtils.m in Sources */,
				5B0F7EDA2220F86A00A6E573 /* FileCell.m in Sources */,
				5B252C1A2220E9AA0039B942 /* Result.m in Sources */,
				5B1041FA221FEC4C00245D11 /* UIColor+expanded.m in Sources */,
				5B1041F8221FEC4C00245D11 /* UIButton+Bootstrap.m in Sources */,
				5B104211221FF30A00245D11 /* MsgUtils.m in Sources */,
				5B1041CC221FEA8000245D11 /* main.m in Sources */,
				5B2A216222223663001CDEC1 /* JsonrpcServerCell.m in Sources */,
				5B104213221FF30A00245D11 /* APIUtils.m in Sources */,
				5B2A215F222234A6001CDEC1 /* JsonrpcServer.m in Sources */,
				5B104216221FF30A00245D11 /* CommonUtils.m in Sources */,
				5B104243221FF38400245D11 /* BaseNavigationController.m in Sources */,
				5B1041F9221FEC4C00245D11 /* NSString+SHA256.m in Sources */,
			);
			runOnlyForDeploymentPostprocessing = 0;
		};
		5B1041CD221FEA8000245D11 /* Sources */ = {
			isa = PBXSourcesBuildPhase;
			buildActionMask = 2147483647;
			files = (
			);
			runOnlyForDeploymentPostprocessing = 0;
		};
		5B1041D8221FEA8000245D11 /* Sources */ = {
			isa = PBXSourcesBuildPhase;
			buildActionMask = 2147483647;
			files = (
			);
			runOnlyForDeploymentPostprocessing = 0;
		};
/* End PBXSourcesBuildPhase section */

/* Begin PBXTargetDependency section */
		5B1041D3221FEA8000245D11 /* PBXTargetDependency */ = {
			isa = PBXTargetDependency;
			target = 5B1041B8221FEA7F00245D11 /* Aria2-client-iOS */;
			targetProxy = 5B1041D2221FEA8000245D11 /* PBXContainerItemProxy */;
		};
		5B1041DE221FEA8000245D11 /* PBXTargetDependency */ = {
			isa = PBXTargetDependency;
			target = 5B1041B8221FEA7F00245D11 /* Aria2-client-iOS */;
			targetProxy = 5B1041DD221FEA8000245D11 /* PBXContainerItemProxy */;
		};
/* End PBXTargetDependency section */

/* Begin XCBuildConfiguration section */
		5B1041E3221FEA8000245D11 /* Debug */ = {
			isa = XCBuildConfiguration;
			buildSettings = {
				ALWAYS_SEARCH_USER_PATHS = NO;
				CLANG_ANALYZER_NONNULL = YES;
				CLANG_ANALYZER_NUMBER_OBJECT_CONVERSION = YES_AGGRESSIVE;
				CLANG_CXX_LANGUAGE_STANDARD = "gnu++14";
				CLANG_CXX_LIBRARY = "libc++";
				CLANG_ENABLE_MODULES = YES;
				CLANG_ENABLE_OBJC_ARC = YES;
				CLANG_ENABLE_OBJC_WEAK = YES;
				CLANG_WARN_BLOCK_CAPTURE_AUTORELEASING = YES;
				CLANG_WARN_BOOL_CONVERSION = YES;
				CLANG_WARN_COMMA = YES;
				CLANG_WARN_CONSTANT_CONVERSION = YES;
				CLANG_WARN_DEPRECATED_OBJC_IMPLEMENTATIONS = YES;
				CLANG_WARN_DIRECT_OBJC_ISA_USAGE = YES_ERROR;
				CLANG_WARN_DOCUMENTATION_COMMENTS = YES;
				CLANG_WARN_EMPTY_BODY = YES;
				CLANG_WARN_ENUM_CONVERSION = YES;
				CLANG_WARN_INFINITE_RECURSION = YES;
				CLANG_WARN_INT_CONVERSION = YES;
				CLANG_WARN_NON_LITERAL_NULL_CONVERSION = YES;
				CLANG_WARN_OBJC_IMPLICIT_RETAIN_SELF = YES;
				CLANG_WARN_OBJC_LITERAL_CONVERSION = YES;
				CLANG_WARN_OBJC_ROOT_CLASS = YES_ERROR;
				CLANG_WARN_RANGE_LOOP_ANALYSIS = YES;
				CLANG_WARN_STRICT_PROTOTYPES = YES;
				CLANG_WARN_SUSPICIOUS_MOVE = YES;
				CLANG_WARN_UNGUARDED_AVAILABILITY = YES_AGGRESSIVE;
				CLANG_WARN_UNREACHABLE_CODE = YES;
				CLANG_WARN__DUPLICATE_METHOD_MATCH = YES;
				CODE_SIGN_IDENTITY = "iPhone Developer";
				COPY_PHASE_STRIP = NO;
				DEBUG_INFORMATION_FORMAT = dwarf;
				ENABLE_STRICT_OBJC_MSGSEND = YES;
				ENABLE_TESTABILITY = YES;
				GCC_C_LANGUAGE_STANDARD = gnu11;
				GCC_DYNAMIC_NO_PIC = NO;
				GCC_NO_COMMON_BLOCKS = YES;
				GCC_OPTIMIZATION_LEVEL = 0;
				GCC_PREPROCESSOR_DEFINITIONS = (
					"DEBUG=1",
					"$(inherited)",
				);
				GCC_WARN_64_TO_32_BIT_CONVERSION = YES;
				GCC_WARN_ABOUT_RETURN_TYPE = YES_ERROR;
				GCC_WARN_UNDECLARED_SELECTOR = YES;
				GCC_WARN_UNINITIALIZED_AUTOS = YES_AGGRESSIVE;
				GCC_WARN_UNUSED_FUNCTION = YES;
				GCC_WARN_UNUSED_VARIABLE = YES;
				IPHONEOS_DEPLOYMENT_TARGET = 12.1;
				MTL_ENABLE_DEBUG_INFO = INCLUDE_SOURCE;
				MTL_FAST_MATH = YES;
				ONLY_ACTIVE_ARCH = YES;
				SDKROOT = iphoneos;
			};
			name = Debug;
		};
		5B1041E4221FEA8000245D11 /* Release */ = {
			isa = XCBuildConfiguration;
			buildSettings = {
				ALWAYS_SEARCH_USER_PATHS = NO;
				CLANG_ANALYZER_NONNULL = YES;
				CLANG_ANALYZER_NUMBER_OBJECT_CONVERSION = YES_AGGRESSIVE;
				CLANG_CXX_LANGUAGE_STANDARD = "gnu++14";
				CLANG_CXX_LIBRARY = "libc++";
				CLANG_ENABLE_MODULES = YES;
				CLANG_ENABLE_OBJC_ARC = YES;
				CLANG_ENABLE_OBJC_WEAK = YES;
				CLANG_WARN_BLOCK_CAPTURE_AUTORELEASING = YES;
				CLANG_WARN_BOOL_CONVERSION = YES;
				CLANG_WARN_COMMA = YES;
				CLANG_WARN_CONSTANT_CONVERSION = YES;
				CLANG_WARN_DEPRECATED_OBJC_IMPLEMENTATIONS = YES;
				CLANG_WARN_DIRECT_OBJC_ISA_USAGE = YES_ERROR;
				CLANG_WARN_DOCUMENTATION_COMMENTS = YES;
				CLANG_WARN_EMPTY_BODY = YES;
				CLANG_WARN_ENUM_CONVERSION = YES;
				CLANG_WARN_INFINITE_RECURSION = YES;
				CLANG_WARN_INT_CONVERSION = YES;
				CLANG_WARN_NON_LITERAL_NULL_CONVERSION = YES;
				CLANG_WARN_OBJC_IMPLICIT_RETAIN_SELF = YES;
				CLANG_WARN_OBJC_LITERAL_CONVERSION = YES;
				CLANG_WARN_OBJC_ROOT_CLASS = YES_ERROR;
				CLANG_WARN_RANGE_LOOP_ANALYSIS = YES;
				CLANG_WARN_STRICT_PROTOTYPES = YES;
				CLANG_WARN_SUSPICIOUS_MOVE = YES;
				CLANG_WARN_UNGUARDED_AVAILABILITY = YES_AGGRESSIVE;
				CLANG_WARN_UNREACHABLE_CODE = YES;
				CLANG_WARN__DUPLICATE_METHOD_MATCH = YES;
				CODE_SIGN_IDENTITY = "iPhone Developer";
				COPY_PHASE_STRIP = NO;
				DEBUG_INFORMATION_FORMAT = "dwarf-with-dsym";
				ENABLE_NS_ASSERTIONS = NO;
				ENABLE_STRICT_OBJC_MSGSEND = YES;
				GCC_C_LANGUAGE_STANDARD = gnu11;
				GCC_NO_COMMON_BLOCKS = YES;
				GCC_WARN_64_TO_32_BIT_CONVERSION = YES;
				GCC_WARN_ABOUT_RETURN_TYPE = YES_ERROR;
				GCC_WARN_UNDECLARED_SELECTOR = YES;
				GCC_WARN_UNINITIALIZED_AUTOS = YES_AGGRESSIVE;
				GCC_WARN_UNUSED_FUNCTION = YES;
				GCC_WARN_UNUSED_VARIABLE = YES;
				IPHONEOS_DEPLOYMENT_TARGET = 12.1;
				MTL_ENABLE_DEBUG_INFO = NO;
				MTL_FAST_MATH = YES;
				SDKROOT = iphoneos;
				VALIDATE_PRODUCT = YES;
			};
			name = Release;
		};
		5B1041E6221FEA8000245D11 /* Debug */ = {
			isa = XCBuildConfiguration;
			baseConfigurationReference = 2DEE54A6DD16F0100BC15473 /* Pods-Aria2.debug.xcconfig */;
			buildSettings = {
				ASSETCATALOG_COMPILER_APPICON_NAME = AppIcon;
				CLANG_WARN_OBJC_IMPLICIT_RETAIN_SELF = NO;
				CODE_SIGN_STYLE = Automatic;
				DEVELOPMENT_TEAM = A85ECSEJF9;
				GCC_PREFIX_HEADER = "Aria2-client-iOS/Aria2-client-iOS-Prefix.pch";
				INFOPLIST_FILE = "Aria2-client-iOS/Info.plist";
				LD_RUNPATH_SEARCH_PATHS = (
					"$(inherited)",
					"@executable_path/Frameworks",
				);
				PRODUCT_BUNDLE_IDENTIFIER = zj.Aria2;
				PRODUCT_NAME = "$(TARGET_NAME)";
				TARGETED_DEVICE_FAMILY = "1,2";
			};
			name = Debug;
		};
		5B1041E7221FEA8000245D11 /* Release */ = {
			isa = XCBuildConfiguration;
			baseConfigurationReference = 4D60B3094B8E7813DCA4551D /* Pods-Aria2.release.xcconfig */;
			buildSettings = {
				ASSETCATALOG_COMPILER_APPICON_NAME = AppIcon;
				CLANG_WARN_OBJC_IMPLICIT_RETAIN_SELF = NO;
				CODE_SIGN_STYLE = Automatic;
				DEVELOPMENT_TEAM = A85ECSEJF9;
				GCC_PREFIX_HEADER = "Aria2-client-iOS/Aria2-client-iOS-Prefix.pch";
				INFOPLIST_FILE = "Aria2-client-iOS/Info.plist";
				LD_RUNPATH_SEARCH_PATHS = (
					"$(inherited)",
					"@executable_path/Frameworks",
				);
				PRODUCT_BUNDLE_IDENTIFIER = zj.Aria2;
				PRODUCT_NAME = "$(TARGET_NAME)";
				TARGETED_DEVICE_FAMILY = "1,2";
			};
			name = Release;
		};
		5B1041E9221FEA8000245D11 /* Debug */ = {
			isa = XCBuildConfiguration;
			buildSettings = {
				BUNDLE_LOADER = "$(TEST_HOST)";
				CODE_SIGN_STYLE = Automatic;
				DEVELOPMENT_TEAM = A85ECSEJF9;
				INFOPLIST_FILE = Aria2Tests/Info.plist;
				LD_RUNPATH_SEARCH_PATHS = (
					"$(inherited)",
					"@executable_path/Frameworks",
					"@loader_path/Frameworks",
				);
				PRODUCT_BUNDLE_IDENTIFIER = zj.Aria2Tests;
				PRODUCT_NAME = "$(TARGET_NAME)";
				TARGETED_DEVICE_FAMILY = "1,2";
				TEST_HOST = "$(BUILT_PRODUCTS_DIR)/Aria2-client-iOS.app/Aria2-client-iOS";
			};
			name = Debug;
		};
		5B1041EA221FEA8000245D11 /* Release */ = {
			isa = XCBuildConfiguration;
			buildSettings = {
				BUNDLE_LOADER = "$(TEST_HOST)";
				CODE_SIGN_STYLE = Automatic;
				DEVELOPMENT_TEAM = A85ECSEJF9;
				INFOPLIST_FILE = Aria2Tests/Info.plist;
				LD_RUNPATH_SEARCH_PATHS = (
					"$(inherited)",
					"@executable_path/Frameworks",
					"@loader_path/Frameworks",
				);
				PRODUCT_BUNDLE_IDENTIFIER = zj.Aria2Tests;
				PRODUCT_NAME = "$(TARGET_NAME)";
				TARGETED_DEVICE_FAMILY = "1,2";
				TEST_HOST = "$(BUILT_PRODUCTS_DIR)/Aria2-client-iOS.app/Aria2-client-iOS";
			};
			name = Release;
		};
		5B1041EC221FEA8000245D11 /* Debug */ = {
			isa = XCBuildConfiguration;
			buildSettings = {
				CODE_SIGN_STYLE = Automatic;
				DEVELOPMENT_TEAM = A85ECSEJF9;
				INFOPLIST_FILE = Aria2UITests/Info.plist;
				LD_RUNPATH_SEARCH_PATHS = (
					"$(inherited)",
					"@executable_path/Frameworks",
					"@loader_path/Frameworks",
				);
				PRODUCT_BUNDLE_IDENTIFIER = zj.Aria2UITests;
				PRODUCT_NAME = "$(TARGET_NAME)";
				TARGETED_DEVICE_FAMILY = "1,2";
				TEST_TARGET_NAME = Aria2;
			};
			name = Debug;
		};
		5B1041ED221FEA8000245D11 /* Release */ = {
			isa = XCBuildConfiguration;
			buildSettings = {
				CODE_SIGN_STYLE = Automatic;
				DEVELOPMENT_TEAM = A85ECSEJF9;
				INFOPLIST_FILE = Aria2UITests/Info.plist;
				LD_RUNPATH_SEARCH_PATHS = (
					"$(inherited)",
					"@executable_path/Frameworks",
					"@loader_path/Frameworks",
				);
				PRODUCT_BUNDLE_IDENTIFIER = zj.Aria2UITests;
				PRODUCT_NAME = "$(TARGET_NAME)";
				TARGETED_DEVICE_FAMILY = "1,2";
				TEST_TARGET_NAME = Aria2;
			};
			name = Release;
		};
/* End XCBuildConfiguration section */

/* Begin XCConfigurationList section */
		5B1041B4221FEA7F00245D11 /* Build configuration list for PBXProject "Aria2-client-iOS" */ = {
			isa = XCConfigurationList;
			buildConfigurations = (
				5B1041E3221FEA8000245D11 /* Debug */,
				5B1041E4221FEA8000245D11 /* Release */,
			);
			defaultConfigurationIsVisible = 0;
			defaultConfigurationName = Release;
		};
		5B1041E5221FEA8000245D11 /* Build configuration list for PBXNativeTarget "Aria2-client-iOS" */ = {
			isa = XCConfigurationList;
			buildConfigurations = (
				5B1041E6221FEA8000245D11 /* Debug */,
				5B1041E7221FEA8000245D11 /* Release */,
			);
			defaultConfigurationIsVisible = 0;
			defaultConfigurationName = Release;
		};
		5B1041E8221FEA8000245D11 /* Build configuration list for PBXNativeTarget "Aria2-client-iOSTests" */ = {
			isa = XCConfigurationList;
			buildConfigurations = (
				5B1041E9221FEA8000245D11 /* Debug */,
				5B1041EA221FEA8000245D11 /* Release */,
			);
			defaultConfigurationIsVisible = 0;
			defaultConfigurationName = Release;
		};
		5B1041EB221FEA8000245D11 /* Build configuration list for PBXNativeTarget "Aria2-client-iOSUITests" */ = {
			isa = XCConfigurationList;
			buildConfigurations = (
				5B1041EC221FEA8000245D11 /* Debug */,
				5B1041ED221FEA8000245D11 /* Release */,
			);
			defaultConfigurationIsVisible = 0;
			defaultConfigurationName = Release;
		};
/* End XCConfigurationList section */
	};
	rootObject = 5B1041B1221FEA7F00245D11 /* Project object */;
}
